
Microsoft Visual Studio Solution File, Format Version 12.00
# Visual Studio Express 14 for Web
VisualStudioVersion = 14.0.23107.0
MinimumVisualStudioVersion = 10.0.40219.1
Project("{FAE04EC0-301F-11D3-BF4B-00C04F79EFBC}") = "EventCalendar", "EventCalendar\EventCalendar.csproj", "{00DF31A6-A877-49C5-A7B6-C7DC645F8613}"
EndProject
Project("{FAE04EC0-301F-11D3-BF4B-00C04F79EFBC}") = "EventCalendar.Tests", "EventCalendar.Tests\EventCalendar.Tests.csproj", "{A439F3B3-BD9E-4969-BF60-2EDDE9000FC5}"
EndProject
Global
	GlobalSection(SolutionConfigurationPlatforms) = preSolution
		Debug|Any CPU = Debug|Any CPU
		Release|Any CPU = Release|Any CPU
	EndGlobalSection
	GlobalSection(ProjectConfigurationPlatforms) = postSolution
		{00DF31A6-A877-49C5-A7B6-C7DC645F8613}.Debug|Any CPU.ActiveCfg = Debug|Any CPU
		{00DF31A6-A877-49C5-A7B6-C7DC645F8613}.Debug|Any CPU.Build.0 = Debug|Any CPU
		{00DF31A6-A877-49C5-A7B6-C7DC645F8613}.Release|Any CPU.ActiveCfg = Release|Any CPU
		{00DF31A6-A877-49C5-A7B6-C7DC645F8613}.Release|Any CPU.Build.0 = Release|Any CPU
		{A439F3B3-BD9E-4969-BF60-2EDDE9000FC5}.Debug|Any CPU.ActiveCfg = Debug|Any CPU
		{A439F3B3-BD9E-4969-BF60-2EDDE9000FC5}.Debug|Any CPU.Build.0 = Debug|Any CPU
		{A439F3B3-BD9E-4969-BF60-2EDDE9000FC5}.Release|Any CPU.ActiveCfg = Release|Any CPU
		{A439F3B3-BD9E-4969-BF60-2EDDE9000FC5}.Release|Any CPU.Build.0 = Release|Any CPU
	EndGlobalSection
	GlobalSection(SolutionProperties) = preSolution
		HideSolutionNode = FALSE
	EndGlobalSection
EndGlobal
